
Microsoft Visual Studio Solution File, Format Version 12.00
# Visual Studio Version 16
VisualStudioVersion = 16.0.32228.343
MinimumVisualStudioVersion = 10.0.40219.1
Project("{FAE04EC0-301F-11D3-BF4B-00C04F79EFBC}") = "altVResourcesGenerator", "altVResourcesGenerator\altVResourcesGenerator.csproj", "{AA5EEE02-AE62-403D-BD54-AF861A6DA19D}"
EndProject
Global
	GlobalSection(SolutionConfigurationPlatforms) = preSolution
		Debug|Any CPU = Debug|Any CPU
		Release|Any CPU = Release|Any CPU
	EndGlobalSection
	GlobalSection(ProjectConfigurationPlatforms) = postSolution
		{AA5EEE02-AE62-403D-BD54-AF861A6DA19D}.Debug|Any CPU.ActiveCfg = Debug|Any CPU
		{AA5EEE02-AE62-403D-BD54-AF861A6DA19D}.Debug|Any CPU.Build.0 = Debug|Any CPU
		{AA5EEE02-AE62-403D-BD54-AF861A6DA19D}.Release|Any CPU.ActiveCfg = Release|Any CPU
		{AA5EEE02-AE62-403D-BD54-AF861A6DA19D}.Release|Any CPU.Build.0 = Release|Any CPU
	EndGlobalSection
	GlobalSection(SolutionProperties) = preSolution
		HideSolutionNode = FALSE
	EndGlobalSection
	GlobalSection(ExtensibilityGlobals) = postSolution
		SolutionGuid = {618B4562-E114-49E6-9756-F42D2A0156E6}
	EndGlobalSection
EndGlobal
